// !$*UTF8*$!
{
	archiveVersion = 1;
	classes = {
	};
	objectVersion = 46;
	objects = {

/* Begin PBXBuildFile section */
		8B360EE11908416500C9CFD9 /* level5.plist in Resources */ = {isa = PBXBuildFile; fileRef = 8B360EE01908416500C9CFD9 /* level5.plist */; };
		8B360EE31908417E00C9CFD9 /* level6.plist in Resources */ = {isa = PBXBuildFile; fileRef = 8B360EE21908417E00C9CFD9 /* level6.plist */; };
		8B360EE51908418B00C9CFD9 /* level7.plist in Resources */ = {isa = PBXBuildFile; fileRef = 8B360EE41908418B00C9CFD9 /* level7.plist */; };
		8B360EE71908419A00C9CFD9 /* level8.plist in Resources */ = {isa = PBXBuildFile; fileRef = 8B360EE61908419A00C9CFD9 /* level8.plist */; };
		8B360EE91908419F00C9CFD9 /* level9.plist in Resources */ = {isa = PBXBuildFile; fileRef = 8B360EE81908419F00C9CFD9 /* level9.plist */; };
		8B360EEB190841A500C9CFD9 /* level10.plist in Resources */ = {isa = PBXBuildFile; fileRef = 8B360EEA190841A500C9CFD9 /* level10.plist */; };
		8B463E4D18FDCF4F00C523BC /* level2.plist in Resources */ = {isa = PBXBuildFile; fileRef = 8B463E4C18FDCF4F00C523BC /* level2.plist */; };
		8B463E4F18FDCF8E00C523BC /* level3.plist in Resources */ = {isa = PBXBuildFile; fileRef = 8B463E4E18FDCF8E00C523BC /* level3.plist */; };
		8B463E5118FDCF9800C523BC /* level4.plist in Resources */ = {isa = PBXBuildFile; fileRef = 8B463E5018FDCF9800C523BC /* level4.plist */; };
		8B955F0018E24E3000C85C45 /* Foundation.framework in Frameworks */ = {isa = PBXBuildFile; fileRef = 8B955EFF18E24E3000C85C45 /* Foundation.framework */; };
		8B955F0218E24E3000C85C45 /* CoreGraphics.framework in Frameworks */ = {isa = PBXBuildFile; fileRef = 8B955F0118E24E3000C85C45 /* CoreGraphics.framework */; };
		8B955F0418E24E3000C85C45 /* UIKit.framework in Frameworks */ = {isa = PBXBuildFile; fileRef = 8B955F0318E24E3000C85C45 /* UIKit.framework */; };
		8B955F0618E24E3000C85C45 /* SpriteKit.framework in Frameworks */ = {isa = PBXBuildFile; fileRef = 8B955F0518E24E3000C85C45 /* SpriteKit.framework */; };
		8B955F0C18E24E3000C85C45 /* InfoPlist.strings in Resources */ = {isa = PBXBuildFile; fileRef = 8B955F0A18E24E3000C85C45 /* InfoPlist.strings */; };
		8B955F0E18E24E3000C85C45 /* main.m in Sources */ = {isa = PBXBuildFile; fileRef = 8B955F0D18E24E3000C85C45 /* main.m */; };
		8B955F1218E24E3000C85C45 /* BMAAppDelegate.m in Sources */ = {isa = PBXBuildFile; fileRef = 8B955F1118E24E3000C85C45 /* BMAAppDelegate.m */; };
		8B955F1518E24E3000C85C45 /* Main.storyboard in Resources */ = {isa = PBXBuildFile; fileRef = 8B955F1318E24E3000C85C45 /* Main.storyboard */; };
		8B955F1818E24E3000C85C45 /* BMAViewController.m in Sources */ = {isa = PBXBuildFile; fileRef = 8B955F1718E24E3000C85C45 /* BMAViewController.m */; };
		8B955F1B18E24E3000C85C45 /* BMAMyScene.m in Sources */ = {isa = PBXBuildFile; fileRef = 8B955F1A18E24E3000C85C45 /* BMAMyScene.m */; };
		8B955F1D18E24E3000C85C45 /* Spaceship.png in Resources */ = {isa = PBXBuildFile; fileRef = 8B955F1C18E24E3000C85C45 /* Spaceship.png */; };
		8B955F1F18E24E3000C85C45 /* Images.xcassets in Resources */ = {isa = PBXBuildFile; fileRef = 8B955F1E18E24E3000C85C45 /* Images.xcassets */; };
		8B955F2618E24E3000C85C45 /* XCTest.framework in Frameworks */ = {isa = PBXBuildFile; fileRef = 8B955F2518E24E3000C85C45 /* XCTest.framework */; };
		8B955F2718E24E3000C85C45 /* Foundation.framework in Frameworks */ = {isa = PBXBuildFile; fileRef = 8B955EFF18E24E3000C85C45 /* Foundation.framework */; };
		8B955F2818E24E3000C85C45 /* UIKit.framework in Frameworks */ = {isa = PBXBuildFile; fileRef = 8B955F0318E24E3000C85C45 /* UIKit.framework */; };
		8B955F3018E24E3000C85C45 /* InfoPlist.strings in Resources */ = {isa = PBXBuildFile; fileRef = 8B955F2E18E24E3000C85C45 /* InfoPlist.strings */; };
		8B955F3218E24E3000C85C45 /* CCiOSMidtermTests.m in Sources */ = {isa = PBXBuildFile; fileRef = 8B955F3118E24E3000C85C45 /* CCiOSMidtermTests.m */; };
		8B955F4718E2798C00C85C45 /* SKAction+SKTExtras.m in Sources */ = {isa = PBXBuildFile; fileRef = 8B955F3E18E2798C00C85C45 /* SKAction+SKTExtras.m */; };
		8B955F4818E2798C00C85C45 /* SKEmitterNode+SKTExtras.m in Sources */ = {isa = PBXBuildFile; fileRef = 8B955F4018E2798C00C85C45 /* SKEmitterNode+SKTExtras.m */; };
		8B955F4918E2798C00C85C45 /* SKNode+SKTExtras.m in Sources */ = {isa = PBXBuildFile; fileRef = 8B955F4218E2798C00C85C45 /* SKNode+SKTExtras.m */; };
		8B955F4A18E2798C00C85C45 /* SKTAudio.m in Sources */ = {isa = PBXBuildFile; fileRef = 8B955F4418E2798C00C85C45 /* SKTAudio.m */; };
		8B955F4B18E2798C00C85C45 /* SKTUtils.mm in Sources */ = {isa = PBXBuildFile; fileRef = 8B955F4618E2798C00C85C45 /* SKTUtils.mm */; };
		8B955F5918E79BFA00C85C45 /* alienPlanet.png in Resources */ = {isa = PBXBuildFile; fileRef = 8B955F5018E79BFA00C85C45 /* alienPlanet.png */; };
		8B955F5A18E79BFA00C85C45 /* alienPlanet2.png in Resources */ = {isa = PBXBuildFile; fileRef = 8B955F5118E79BFA00C85C45 /* alienPlanet2.png */; };
		8B955F5B18E79BFA00C85C45 /* asteroid.png in Resources */ = {isa = PBXBuildFile; fileRef = 8B955F5218E79BFA00C85C45 /* asteroid.png */; };
		8B955F5C18E79BFA00C85C45 /* blueSun.png in Resources */ = {isa = PBXBuildFile; fileRef = 8B955F5318E79BFA00C85C45 /* blueSun.png */; };
		8B955F5D18E79BFA00C85C45 /* earth.png in Resources */ = {isa = PBXBuildFile; fileRef = 8B955F5418E79BFA00C85C45 /* earth.png */; };
		8B955F5E18E79BFA00C85C45 /* earthBase.psd in Resources */ = {isa = PBXBuildFile; fileRef = 8B955F5518E79BFA00C85C45 /* earthBase.psd */; };
		8B955F5F18E79BFA00C85C45 /* greenPlanet.png in Resources */ = {isa = PBXBuildFile; fileRef = 8B955F5618E79BFA00C85C45 /* greenPlanet.png */; };
		8B955F6018E79BFA00C85C45 /* moon.png in Resources */ = {isa = PBXBuildFile; fileRef = 8B955F5718E79BFA00C85C45 /* moon.png */; };
		8B955F6118E79BFA00C85C45 /* sun.png in Resources */ = {isa = PBXBuildFile; fileRef = 8B955F5818E79BFA00C85C45 /* sun.png */; };
		8B955F6318E7A28900C85C45 /* vignette.png in Resources */ = {isa = PBXBuildFile; fileRef = 8B955F6218E7A28900C85C45 /* vignette.png */; };
		8BC8DC1918FCCBB500D4BB4D /* level1.plist in Resources */ = {isa = PBXBuildFile; fileRef = 8BC8DC1818FCCBB500D4BB4D /* level1.plist */; };
		8BD74CD31904778E00415EE7 /* BMATitleScene.m in Sources */ = {isa = PBXBuildFile; fileRef = 8BD74CD21904778E00415EE7 /* BMATitleScene.m */; };
/* End PBXBuildFile section */

/* Begin PBXContainerItemProxy section */
		8B955F2918E24E3000C85C45 /* PBXContainerItemProxy */ = {
			isa = PBXContainerItemProxy;
			containerPortal = 8B955EF418E24E3000C85C45 /* Project object */;
			proxyType = 1;
			remoteGlobalIDString = 8B955EFB18E24E3000C85C45;
			remoteInfo = CCiOSMidterm;
		};
/* End PBXContainerItemProxy section */

/* Begin PBXFileReference section */
		8B360EE01908416500C9CFD9 /* level5.plist */ = {isa = PBXFileReference; fileEncoding = 4; lastKnownFileType = text.plist.xml; path = level5.plist; sourceTree = "<group>"; };
		8B360EE21908417E00C9CFD9 /* level6.plist */ = {isa = PBXFileReference; fileEncoding = 4; lastKnownFileType = text.plist.xml; path = level6.plist; sourceTree = "<group>"; };
		8B360EE41908418B00C9CFD9 /* level7.plist */ = {isa = PBXFileReference; fileEncoding = 4; lastKnownFileType = text.plist.xml; path = level7.plist; sourceTree = "<group>"; };
		8B360EE61908419A00C9CFD9 /* level8.plist */ = {isa = PBXFileReference; fileEncoding = 4; lastKnownFileType = text.plist.xml; path = level8.plist; sourceTree = "<group>"; };
		8B360EE81908419F00C9CFD9 /* level9.plist */ = {isa = PBXFileReference; fileEncoding = 4; lastKnownFileType = text.plist.xml; path = level9.plist; sourceTree = "<group>"; };
		8B360EEA190841A500C9CFD9 /* level10.plist */ = {isa = PBXFileReference; fileEncoding = 4; lastKnownFileType = text.plist.xml; path = level10.plist; sourceTree = "<group>"; };
		8B463E4C18FDCF4F00C523BC /* level2.plist */ = {isa = PBXFileReference; fileEncoding = 4; lastKnownFileType = text.plist.xml; path = level2.plist; sourceTree = "<group>"; };
		8B463E4E18FDCF8E00C523BC /* level3.plist */ = {isa = PBXFileReference; fileEncoding = 4; lastKnownFileType = text.plist.xml; path = level3.plist; sourceTree = "<group>"; };
		8B463E5018FDCF9800C523BC /* level4.plist */ = {isa = PBXFileReference; fileEncoding = 4; lastKnownFileType = text.plist.xml; path = level4.plist; sourceTree = "<group>"; };
		8B955EFC18E24E3000C85C45 /* CCiOSMidterm.app */ = {isa = PBXFileReference; explicitFileType = wrapper.application; includeInIndex = 0; path = CCiOSMidterm.app; sourceTree = BUILT_PRODUCTS_DIR; };
		8B955EFF18E24E3000C85C45 /* Foundation.framework */ = {isa = PBXFileReference; lastKnownFileType = wrapper.framework; name = Foundation.framework; path = System/Library/Frameworks/Foundation.framework; sourceTree = SDKROOT; };
		8B955F0118E24E3000C85C45 /* CoreGraphics.framework */ = {isa = PBXFileReference; lastKnownFileType = wrapper.framework; name = CoreGraphics.framework; path = System/Library/Frameworks/CoreGraphics.framework; sourceTree = SDKROOT; };
		8B955F0318E24E3000C85C45 /* UIKit.framework */ = {isa = PBXFileReference; lastKnownFileType = wrapper.framework; name = UIKit.framework; path = System/Library/Frameworks/UIKit.framework; sourceTree = SDKROOT; };
		8B955F0518E24E3000C85C45 /* SpriteKit.framework */ = {isa = PBXFileReference; lastKnownFileType = wrapper.framework; name = SpriteKit.framework; path = System/Library/Frameworks/SpriteKit.framework; sourceTree = SDKROOT; };
		8B955F0918E24E3000C85C45 /* CCiOSMidterm-Info.plist */ = {isa = PBXFileReference; lastKnownFileType = text.plist.xml; path = "CCiOSMidterm-Info.plist"; sourceTree = "<group>"; };
		8B955F0B18E24E3000C85C45 /* en */ = {isa = PBXFileReference; lastKnownFileType = text.plist.strings; name = en; path = en.lproj/InfoPlist.strings; sourceTree = "<group>"; };
		8B955F0D18E24E3000C85C45 /* main.m */ = {isa = PBXFileReference; lastKnownFileType = sourcecode.c.objc; path = main.m; sourceTree = "<group>"; };
		8B955F0F18E24E3000C85C45 /* CCiOSMidterm-Prefix.pch */ = {isa = PBXFileReference; lastKnownFileType = sourcecode.c.h; path = "CCiOSMidterm-Prefix.pch"; sourceTree = "<group>"; };
		8B955F1018E24E3000C85C45 /* BMAAppDelegate.h */ = {isa = PBXFileReference; lastKnownFileType = sourcecode.c.h; path = BMAAppDelegate.h; sourceTree = "<group>"; };
		8B955F1118E24E3000C85C45 /* BMAAppDelegate.m */ = {isa = PBXFileReference; lastKnownFileType = sourcecode.c.objc; path = BMAAppDelegate.m; sourceTree = "<group>"; };
		8B955F1418E24E3000C85C45 /* Base */ = {isa = PBXFileReference; lastKnownFileType = file.storyboard; name = Base; path = Base.lproj/Main.storyboard; sourceTree = "<group>"; };
		8B955F1618E24E3000C85C45 /* BMAViewController.h */ = {isa = PBXFileReference; lastKnownFileType = sourcecode.c.h; path = BMAViewController.h; sourceTree = "<group>"; };
		8B955F1718E24E3000C85C45 /* BMAViewController.m */ = {isa = PBXFileReference; lastKnownFileType = sourcecode.c.objc; path = BMAViewController.m; sourceTree = "<group>"; };
		8B955F1918E24E3000C85C45 /* BMAMyScene.h */ = {isa = PBXFileReference; lastKnownFileType = sourcecode.c.h; path = BMAMyScene.h; sourceTree = "<group>"; };
		8B955F1A18E24E3000C85C45 /* BMAMyScene.m */ = {isa = PBXFileReference; lastKnownFileType = sourcecode.c.objc; path = BMAMyScene.m; sourceTree = "<group>"; };
		8B955F1C18E24E3000C85C45 /* Spaceship.png */ = {isa = PBXFileReference; lastKnownFileType = image.png; path = Spaceship.png; sourceTree = "<group>"; };
		8B955F1E18E24E3000C85C45 /* Images.xcassets */ = {isa = PBXFileReference; lastKnownFileType = folder.assetcatalog; path = Images.xcassets; sourceTree = "<group>"; };
		8B955F2418E24E3000C85C45 /* CCiOSMidtermTests.xctest */ = {isa = PBXFileReference; explicitFileType = wrapper.cfbundle; includeInIndex = 0; path = CCiOSMidtermTests.xctest; sourceTree = BUILT_PRODUCTS_DIR; };
		8B955F2518E24E3000C85C45 /* XCTest.framework */ = {isa = PBXFileReference; lastKnownFileType = wrapper.framework; name = XCTest.framework; path = Library/Frameworks/XCTest.framework; sourceTree = DEVELOPER_DIR; };
		8B955F2D18E24E3000C85C45 /* CCiOSMidtermTests-Info.plist */ = {isa = PBXFileReference; lastKnownFileType = text.plist.xml; path = "CCiOSMidtermTests-Info.plist"; sourceTree = "<group>"; };
		8B955F2F18E24E3000C85C45 /* en */ = {isa = PBXFileReference; lastKnownFileType = text.plist.strings; name = en; path = en.lproj/InfoPlist.strings; sourceTree = "<group>"; };
		8B955F3118E24E3000C85C45 /* CCiOSMidtermTests.m */ = {isa = PBXFileReference; lastKnownFileType = sourcecode.c.objc; path = CCiOSMidtermTests.m; sourceTree = "<group>"; };
		8B955F3B18E253EE00C85C45 /* Physics.h */ = {isa = PBXFileReference; fileEncoding = 4; lastKnownFileType = sourcecode.c.h; path = Physics.h; sourceTree = "<group>"; };
		8B955F3D18E2798C00C85C45 /* SKAction+SKTExtras.h */ = {isa = PBXFileReference; fileEncoding = 4; lastKnownFileType = sourcecode.c.h; path = "SKAction+SKTExtras.h"; sourceTree = "<group>"; };
		8B955F3E18E2798C00C85C45 /* SKAction+SKTExtras.m */ = {isa = PBXFileReference; fileEncoding = 4; lastKnownFileType = sourcecode.c.objc; path = "SKAction+SKTExtras.m"; sourceTree = "<group>"; };
		8B955F3F18E2798C00C85C45 /* SKEmitterNode+SKTExtras.h */ = {isa = PBXFileReference; fileEncoding = 4; lastKnownFileType = sourcecode.c.h; path = "SKEmitterNode+SKTExtras.h"; sourceTree = "<group>"; };
		8B955F4018E2798C00C85C45 /* SKEmitterNode+SKTExtras.m */ = {isa = PBXFileReference; fileEncoding = 4; lastKnownFileType = sourcecode.c.objc; path = "SKEmitterNode+SKTExtras.m"; sourceTree = "<group>"; };
		8B955F4118E2798C00C85C45 /* SKNode+SKTExtras.h */ = {isa = PBXFileReference; fileEncoding = 4; lastKnownFileType = sourcecode.c.h; path = "SKNode+SKTExtras.h"; sourceTree = "<group>"; };
		8B955F4218E2798C00C85C45 /* SKNode+SKTExtras.m */ = {isa = PBXFileReference; fileEncoding = 4; lastKnownFileType = sourcecode.c.objc; path = "SKNode+SKTExtras.m"; sourceTree = "<group>"; };
		8B955F4318E2798C00C85C45 /* SKTAudio.h */ = {isa = PBXFileReference; fileEncoding = 4; lastKnownFileType = sourcecode.c.h; path = SKTAudio.h; sourceTree = "<group>"; };
		8B955F4418E2798C00C85C45 /* SKTAudio.m */ = {isa = PBXFileReference; fileEncoding = 4; lastKnownFileType = sourcecode.c.objc; path = SKTAudio.m; sourceTree = "<group>"; };
		8B955F4518E2798C00C85C45 /* SKTUtils.h */ = {isa = PBXFileReference; fileEncoding = 4; lastKnownFileType = sourcecode.c.h; path = SKTUtils.h; sourceTree = "<group>"; };
		8B955F4618E2798C00C85C45 /* SKTUtils.mm */ = {isa = PBXFileReference; fileEncoding = 4; lastKnownFileType = sourcecode.cpp.objcpp; path = SKTUtils.mm; sourceTree = "<group>"; };
		8B955F5018E79BFA00C85C45 /* alienPlanet.png */ = {isa = PBXFileReference; lastKnownFileType = image.png; path = alienPlanet.png; sourceTree = "<group>"; };
		8B955F5118E79BFA00C85C45 /* alienPlanet2.png */ = {isa = PBXFileReference; lastKnownFileType = image.png; path = alienPlanet2.png; sourceTree = "<group>"; };
		8B955F5218E79BFA00C85C45 /* asteroid.png */ = {isa = PBXFileReference; lastKnownFileType = image.png; path = asteroid.png; sourceTree = "<group>"; };
		8B955F5318E79BFA00C85C45 /* blueSun.png */ = {isa = PBXFileReference; lastKnownFileType = image.png; path = blueSun.png; sourceTree = "<group>"; };
		8B955F5418E79BFA00C85C45 /* earth.png */ = {isa = PBXFileReference; lastKnownFileType = image.png; path = earth.png; sourceTree = "<group>"; };
		8B955F5518E79BFA00C85C45 /* earthBase.psd */ = {isa = PBXFileReference; lastKnownFileType = file; path = earthBase.psd; sourceTree = "<group>"; };
		8B955F5618E79BFA00C85C45 /* greenPlanet.png */ = {isa = PBXFileReference; lastKnownFileType = image.png; path = greenPlanet.png; sourceTree = "<group>"; };
		8B955F5718E79BFA00C85C45 /* moon.png */ = {isa = PBXFileReference; lastKnownFileType = image.png; path = moon.png; sourceTree = "<group>"; };
		8B955F5818E79BFA00C85C45 /* sun.png */ = {isa = PBXFileReference; lastKnownFileType = image.png; path = sun.png; sourceTree = "<group>"; };
		8B955F6218E7A28900C85C45 /* vignette.png */ = {isa = PBXFileReference; lastKnownFileType = image.png; path = vignette.png; sourceTree = "<group>"; };
		8BC8DC1818FCCBB500D4BB4D /* level1.plist */ = {isa = PBXFileReference; fileEncoding = 4; lastKnownFileType = text.plist.xml; path = level1.plist; sourceTree = "<group>"; };
		8BD74CD11904778E00415EE7 /* BMATitleScene.h */ = {isa = PBXFileReference; fileEncoding = 4; lastKnownFileType = sourcecode.c.h; path = BMATitleScene.h; sourceTree = "<group>"; };
		8BD74CD21904778E00415EE7 /* BMATitleScene.m */ = {isa = PBXFileReference; fileEncoding = 4; lastKnownFileType = sourcecode.c.objc; path = BMATitleScene.m; sourceTree = "<group>"; };
/* End PBXFileReference section */

/* Begin PBXFrameworksBuildPhase section */
		8B955EF918E24E3000C85C45 /* Frameworks */ = {
			isa = PBXFrameworksBuildPhase;
			buildActionMask = 2147483647;
			files = (
				8B955F0218E24E3000C85C45 /* CoreGraphics.framework in Frameworks */,
				8B955F0418E24E3000C85C45 /* UIKit.framework in Frameworks */,
				8B955F0618E24E3000C85C45 /* SpriteKit.framework in Frameworks */,
				8B955F0018E24E3000C85C45 /* Foundation.framework in Frameworks */,
			);
			runOnlyForDeploymentPostprocessing = 0;
		};
		8B955F2118E24E3000C85C45 /* Frameworks */ = {
			isa = PBXFrameworksBuildPhase;
			buildActionMask = 2147483647;
			files = (
				8B955F2618E24E3000C85C45 /* XCTest.framework in Frameworks */,
				8B955F2818E24E3000C85C45 /* UIKit.framework in Frameworks */,
				8B955F2718E24E3000C85C45 /* Foundation.framework in Frameworks */,
			);
			runOnlyForDeploymentPostprocessing = 0;
		};
/* End PBXFrameworksBuildPhase section */

/* Begin PBXGroup section */
		8B955EF318E24E3000C85C45 = {
			isa = PBXGroup;
			children = (
				8B955F0718E24E3000C85C45 /* CCiOSMidterm */,
				8B955F2B18E24E3000C85C45 /* CCiOSMidtermTests */,
				8B955EFE18E24E3000C85C45 /* Frameworks */,
				8B955EFD18E24E3000C85C45 /* Products */,
			);
			sourceTree = "<group>";
		};
		8B955EFD18E24E3000C85C45 /* Products */ = {
			isa = PBXGroup;
			children = (
				8B955EFC18E24E3000C85C45 /* CCiOSMidterm.app */,
				8B955F2418E24E3000C85C45 /* CCiOSMidtermTests.xctest */,
			);
			name = Products;
			sourceTree = "<group>";
		};
		8B955EFE18E24E3000C85C45 /* Frameworks */ = {
			isa = PBXGroup;
			children = (
				8B955EFF18E24E3000C85C45 /* Foundation.framework */,
				8B955F0118E24E3000C85C45 /* CoreGraphics.framework */,
				8B955F0318E24E3000C85C45 /* UIKit.framework */,
				8B955F0518E24E3000C85C45 /* SpriteKit.framework */,
				8B955F2518E24E3000C85C45 /* XCTest.framework */,
			);
			name = Frameworks;
			sourceTree = "<group>";
		};
		8B955F0718E24E3000C85C45 /* CCiOSMidterm */ = {
			isa = PBXGroup;
			children = (
				8BC8DC1718FCCAFD00D4BB4D /* Levels */,
				8B955F4F18E79BFA00C85C45 /* Art */,
				8B955F3C18E2798C00C85C45 /* SKTUtils */,
				8B955F1018E24E3000C85C45 /* BMAAppDelegate.h */,
				8B955F1118E24E3000C85C45 /* BMAAppDelegate.m */,
				8B955F1318E24E3000C85C45 /* Main.storyboard */,
				8B955F1618E24E3000C85C45 /* BMAViewController.h */,
				8B955F1718E24E3000C85C45 /* BMAViewController.m */,
				8B955F1918E24E3000C85C45 /* BMAMyScene.h */,
				8B955F1A18E24E3000C85C45 /* BMAMyScene.m */,
				8BD74CD11904778E00415EE7 /* BMATitleScene.h */,
				8BD74CD21904778E00415EE7 /* BMATitleScene.m */,
				8B955F3B18E253EE00C85C45 /* Physics.h */,
				8B955F1C18E24E3000C85C45 /* Spaceship.png */,
				8B955F1E18E24E3000C85C45 /* Images.xcassets */,
				8B955F0818E24E3000C85C45 /* Supporting Files */,
			);
			path = CCiOSMidterm;
			sourceTree = "<group>";
		};
		8B955F0818E24E3000C85C45 /* Supporting Files */ = {
			isa = PBXGroup;
			children = (
				8B955F0918E24E3000C85C45 /* CCiOSMidterm-Info.plist */,
				8B955F0A18E24E3000C85C45 /* InfoPlist.strings */,
				8B955F0D18E24E3000C85C45 /* main.m */,
				8B955F0F18E24E3000C85C45 /* CCiOSMidterm-Prefix.pch */,
			);
			name = "Supporting Files";
			sourceTree = "<group>";
		};
		8B955F2B18E24E3000C85C45 /* CCiOSMidtermTests */ = {
			isa = PBXGroup;
			children = (
				8B955F3118E24E3000C85C45 /* CCiOSMidtermTests.m */,
				8B955F2C18E24E3000C85C45 /* Supporting Files */,
			);
			path = CCiOSMidtermTests;
			sourceTree = "<group>";
		};
		8B955F2C18E24E3000C85C45 /* Supporting Files */ = {
			isa = PBXGroup;
			children = (
				8B955F2D18E24E3000C85C45 /* CCiOSMidtermTests-Info.plist */,
				8B955F2E18E24E3000C85C45 /* InfoPlist.strings */,
			);
			name = "Supporting Files";
			sourceTree = "<group>";
		};
		8B955F3C18E2798C00C85C45 /* SKTUtils */ = {
			isa = PBXGroup;
			children = (
				8B955F3D18E2798C00C85C45 /* SKAction+SKTExtras.h */,
				8B955F3E18E2798C00C85C45 /* SKAction+SKTExtras.m */,
				8B955F3F18E2798C00C85C45 /* SKEmitterNode+SKTExtras.h */,
				8B955F4018E2798C00C85C45 /* SKEmitterNode+SKTExtras.m */,
				8B955F4118E2798C00C85C45 /* SKNode+SKTExtras.h */,
				8B955F4218E2798C00C85C45 /* SKNode+SKTExtras.m */,
				8B955F4318E2798C00C85C45 /* SKTAudio.h */,
				8B955F4418E2798C00C85C45 /* SKTAudio.m */,
				8B955F4518E2798C00C85C45 /* SKTUtils.h */,
				8B955F4618E2798C00C85C45 /* SKTUtils.mm */,
			);
			path = SKTUtils;
			sourceTree = "<group>";
		};
		8B955F4F18E79BFA00C85C45 /* Art */ = {
			isa = PBXGroup;
			children = (
				8B955F6218E7A28900C85C45 /* vignette.png */,
				8B955F5018E79BFA00C85C45 /* alienPlanet.png */,
				8B955F5118E79BFA00C85C45 /* alienPlanet2.png */,
				8B955F5218E79BFA00C85C45 /* asteroid.png */,
				8B955F5318E79BFA00C85C45 /* blueSun.png */,
				8B955F5418E79BFA00C85C45 /* earth.png */,
				8B955F5518E79BFA00C85C45 /* earthBase.psd */,
				8B955F5618E79BFA00C85C45 /* greenPlanet.png */,
				8B955F5718E79BFA00C85C45 /* moon.png */,
				8B955F5818E79BFA00C85C45 /* sun.png */,
			);
			path = Art;
			sourceTree = "<group>";
		};
		8BC8DC1718FCCAFD00D4BB4D /* Levels */ = {
			isa = PBXGroup;
			children = (
				8BC8DC1818FCCBB500D4BB4D /* level1.plist */,
				8B463E4C18FDCF4F00C523BC /* level2.plist */,
				8B463E4E18FDCF8E00C523BC /* level3.plist */,
				8B463E5018FDCF9800C523BC /* level4.plist */,
				8B360EE01908416500C9CFD9 /* level5.plist */,
				8B360EE21908417E00C9CFD9 /* level6.plist */,
				8B360EE41908418B00C9CFD9 /* level7.plist */,
				8B360EE61908419A00C9CFD9 /* level8.plist */,
				8B360EE81908419F00C9CFD9 /* level9.plist */,
				8B360EEA190841A500C9CFD9 /* level10.plist */,
			);
			name = Levels;
			sourceTree = "<group>";
		};
/* End PBXGroup section */

/* Begin PBXNativeTarget section */
		8B955EFB18E24E3000C85C45 /* CCiOSMidterm */ = {
			isa = PBXNativeTarget;
			buildConfigurationList = 8B955F3518E24E3000C85C45 /* Build configuration list for PBXNativeTarget "CCiOSMidterm" */;
			buildPhases = (
				8B955EF818E24E3000C85C45 /* Sources */,
				8B955EF918E24E3000C85C45 /* Frameworks */,
				8B955EFA18E24E3000C85C45 /* Resources */,
			);
			buildRules = (
			);
			dependencies = (
			);
			name = CCiOSMidterm;
			productName = CCiOSMidterm;
			productReference = 8B955EFC18E24E3000C85C45 /* CCiOSMidterm.app */;
			productType = "com.apple.product-type.application";
		};
		8B955F2318E24E3000C85C45 /* CCiOSMidtermTests */ = {
			isa = PBXNativeTarget;
			buildConfigurationList = 8B955F3818E24E3000C85C45 /* Build configuration list for PBXNativeTarget "CCiOSMidtermTests" */;
			buildPhases = (
				8B955F2018E24E3000C85C45 /* Sources */,
				8B955F2118E24E3000C85C45 /* Frameworks */,
				8B955F2218E24E3000C85C45 /* Resources */,
			);
			buildRules = (
			);
			dependencies = (
				8B955F2A18E24E3000C85C45 /* PBXTargetDependency */,
			);
			name = CCiOSMidtermTests;
			productName = CCiOSMidtermTests;
			productReference = 8B955F2418E24E3000C85C45 /* CCiOSMidtermTests.xctest */;
			productType = "com.apple.product-type.bundle.unit-test";
		};
/* End PBXNativeTarget section */

/* Begin PBXProject section */
		8B955EF418E24E3000C85C45 /* Project object */ = {
			isa = PBXProject;
			attributes = {
				CLASSPREFIX = BMA;
				LastUpgradeCheck = 0510;
				ORGANIZATIONNAME = "Bryan Ma";
				TargetAttributes = {
					8B955F2318E24E3000C85C45 = {
						TestTargetID = 8B955EFB18E24E3000C85C45;
					};
				};
			};
			buildConfigurationList = 8B955EF718E24E3000C85C45 /* Build configuration list for PBXProject "CCiOSMidterm" */;
			compatibilityVersion = "Xcode 3.2";
			developmentRegion = English;
			hasScannedForEncodings = 0;
			knownRegions = (
				en,
				Base,
			);
			mainGroup = 8B955EF318E24E3000C85C45;
			productRefGroup = 8B955EFD18E24E3000C85C45 /* Products */;
			projectDirPath = "";
			projectRoot = "";
			targets = (
				8B955EFB18E24E3000C85C45 /* CCiOSMidterm */,
				8B955F2318E24E3000C85C45 /* CCiOSMidtermTests */,
			);
		};
/* End PBXProject section */

/* Begin PBXResourcesBuildPhase section */
		8B955EFA18E24E3000C85C45 /* Resources */ = {
			isa = PBXResourcesBuildPhase;
			buildActionMask = 2147483647;
			files = (
				8B360EEB190841A500C9CFD9 /* level10.plist in Resources */,
				8B463E4D18FDCF4F00C523BC /* level2.plist in Resources */,
				8B955F6018E79BFA00C85C45 /* moon.png in Resources */,
				8B360EE71908419A00C9CFD9 /* level8.plist in Resources */,
				8B955F5A18E79BFA00C85C45 /* alienPlanet2.png in Resources */,
				8B955F0C18E24E3000C85C45 /* InfoPlist.strings in Resources */,
				8B955F5B18E79BFA00C85C45 /* asteroid.png in Resources */,
				8B955F5F18E79BFA00C85C45 /* greenPlanet.png in Resources */,
				8B360EE51908418B00C9CFD9 /* level7.plist in Resources */,
				8B955F6318E7A28900C85C45 /* vignette.png in Resources */,
				8B955F5918E79BFA00C85C45 /* alienPlanet.png in Resources */,
				8B955F5E18E79BFA00C85C45 /* earthBase.psd in Resources */,
				8B955F6118E79BFA00C85C45 /* sun.png in Resources */,
				8B955F1F18E24E3000C85C45 /* Images.xcassets in Resources */,
				8B360EE11908416500C9CFD9 /* level5.plist in Resources */,
				8B360EE31908417E00C9CFD9 /* level6.plist in Resources */,
				8B463E4F18FDCF8E00C523BC /* level3.plist in Resources */,
				8B360EE91908419F00C9CFD9 /* level9.plist in Resources */,
				8B463E5118FDCF9800C523BC /* level4.plist in Resources */,
				8B955F5D18E79BFA00C85C45 /* earth.png in Resources */,
				8B955F5C18E79BFA00C85C45 /* blueSun.png in Resources */,
				8BC8DC1918FCCBB500D4BB4D /* level1.plist in Resources */,
				8B955F1D18E24E3000C85C45 /* Spaceship.png in Resources */,
				8B955F1518E24E3000C85C45 /* Main.storyboard in Resources */,
			);
			runOnlyForDeploymentPostprocessing = 0;
		};
		8B955F2218E24E3000C85C45 /* Resources */ = {
			isa = PBXResourcesBuildPhase;
			buildActionMask = 2147483647;
			files = (
				8B955F3018E24E3000C85C45 /* InfoPlist.strings in Resources */,
			);
			runOnlyForDeploymentPostprocessing = 0;
		};
/* End PBXResourcesBuildPhase section */

/* Begin PBXSourcesBuildPhase section */
		8B955EF818E24E3000C85C45 /* Sources */ = {
			isa = PBXSourcesBuildPhase;
			buildActionMask = 2147483647;
			files = (
				8B955F0E18E24E3000C85C45 /* main.m in Sources */,
				8B955F4A18E2798C00C85C45 /* SKTAudio.m in Sources */,
				8BD74CD31904778E00415EE7 /* BMATitleScene.m in Sources */,
				8B955F1818E24E3000C85C45 /* BMAViewController.m in Sources */,
				8B955F4818E2798C00C85C45 /* SKEmitterNode+SKTExtras.m in Sources */,
				8B955F4B18E2798C00C85C45 /* SKTUtils.mm in Sources */,
				8B955F4718E2798C00C85C45 /* SKAction+SKTExtras.m in Sources */,
				8B955F1218E24E3000C85C45 /* BMAAppDelegate.m in Sources */,
				8B955F4918E2798C00C85C45 /* SKNode+SKTExtras.m in Sources */,
				8B955F1B18E24E3000C85C45 /* BMAMyScene.m in Sources */,
			);
			runOnlyForDeploymentPostprocessing = 0;
		};
		8B955F2018E24E3000C85C45 /* Sources */ = {
			isa = PBXSourcesBuildPhase;
			buildActionMask = 2147483647;
			files = (
				8B955F3218E24E3000C85C45 /* CCiOSMidtermTests.m in Sources */,
			);
			runOnlyForDeploymentPostprocessing = 0;
		};
/* End PBXSourcesBuildPhase section */

/* Begin PBXTargetDependency section */
		8B955F2A18E24E3000C85C45 /* PBXTargetDependency */ = {
			isa = PBXTargetDependency;
			target = 8B955EFB18E24E3000C85C45 /* CCiOSMidterm */;
			targetProxy = 8B955F2918E24E3000C85C45 /* PBXContainerItemProxy */;
		};
/* End PBXTargetDependency section */

/* Begin PBXVariantGroup section */
		8B955F0A18E24E3000C85C45 /* InfoPlist.strings */ = {
			isa = PBXVariantGroup;
			children = (
				8B955F0B18E24E3000C85C45 /* en */,
			);
			name = InfoPlist.strings;
			sourceTree = "<group>";
		};
		8B955F1318E24E3000C85C45 /* Main.storyboard */ = {
			isa = PBXVariantGroup;
			children = (
				8B955F1418E24E3000C85C45 /* Base */,
			);
			name = Main.storyboard;
			sourceTree = "<group>";
		};
		8B955F2E18E24E3000C85C45 /* InfoPlist.strings */ = {
			isa = PBXVariantGroup;
			children = (
				8B955F2F18E24E3000C85C45 /* en */,
			);
			name = InfoPlist.strings;
			sourceTree = "<group>";
		};
/* End PBXVariantGroup section */

/* Begin XCBuildConfiguration section */
		8B955F3318E24E3000C85C45 /* Debug */ = {
			isa = XCBuildConfiguration;
			buildSettings = {
				ALWAYS_SEARCH_USER_PATHS = NO;
				CLANG_CXX_LANGUAGE_STANDARD = "gnu++0x";
				CLANG_CXX_LIBRARY = "libc++";
				CLANG_ENABLE_MODULES = YES;
				CLANG_ENABLE_OBJC_ARC = YES;
				CLANG_WARN_BOOL_CONVERSION = YES;
				CLANG_WARN_CONSTANT_CONVERSION = YES;
				CLANG_WARN_DIRECT_OBJC_ISA_USAGE = YES_ERROR;
				CLANG_WARN_EMPTY_BODY = YES;
				CLANG_WARN_ENUM_CONVERSION = YES;
				CLANG_WARN_INT_CONVERSION = YES;
				CLANG_WARN_OBJC_ROOT_CLASS = YES_ERROR;
				CLANG_WARN__DUPLICATE_METHOD_MATCH = YES;
				"CODE_SIGN_IDENTITY[sdk=iphoneos*]" = "iPhone Developer";
				COPY_PHASE_STRIP = NO;
				GCC_C_LANGUAGE_STANDARD = gnu99;
				GCC_DYNAMIC_NO_PIC = NO;
				GCC_OPTIMIZATION_LEVEL = 0;
				GCC_PREPROCESSOR_DEFINITIONS = (
					"DEBUG=1",
					"$(inherited)",
				);
				GCC_SYMBOLS_PRIVATE_EXTERN = NO;
				GCC_WARN_64_TO_32_BIT_CONVERSION = YES;
				GCC_WARN_ABOUT_RETURN_TYPE = YES_ERROR;
				GCC_WARN_UNDECLARED_SELECTOR = YES;
				GCC_WARN_UNINITIALIZED_AUTOS = YES_AGGRESSIVE;
				GCC_WARN_UNUSED_FUNCTION = YES;
				GCC_WARN_UNUSED_VARIABLE = YES;
				IPHONEOS_DEPLOYMENT_TARGET = 7.1;
				ONLY_ACTIVE_ARCH = YES;
				SDKROOT = iphoneos;
			};
			name = Debug;
		};
		8B955F3418E24E3000C85C45 /* Release */ = {
			isa = XCBuildConfiguration;
			buildSettings = {
				ALWAYS_SEARCH_USER_PATHS = NO;
				CLANG_CXX_LANGUAGE_STANDARD = "gnu++0x";
				CLANG_CXX_LIBRARY = "libc++";
				CLANG_ENABLE_MODULES = YES;
				CLANG_ENABLE_OBJC_ARC = YES;
				CLANG_WARN_BOOL_CONVERSION = YES;
				CLANG_WARN_CONSTANT_CONVERSION = YES;
				CLANG_WARN_DIRECT_OBJC_ISA_USAGE = YES_ERROR;
				CLANG_WARN_EMPTY_BODY = YES;
				CLANG_WARN_ENUM_CONVERSION = YES;
				CLANG_WARN_INT_CONVERSION = YES;
				CLANG_WARN_OBJC_ROOT_CLASS = YES_ERROR;
				CLANG_WARN__DUPLICATE_METHOD_MATCH = YES;
				"CODE_SIGN_IDENTITY[sdk=iphoneos*]" = "iPhone Developer";
				COPY_PHASE_STRIP = YES;
				ENABLE_NS_ASSERTIONS = NO;
				GCC_C_LANGUAGE_STANDARD = gnu99;
				GCC_WARN_64_TO_32_BIT_CONVERSION = YES;
				GCC_WARN_ABOUT_RETURN_TYPE = YES_ERROR;
				GCC_WARN_UNDECLARED_SELECTOR = YES;
				GCC_WARN_UNINITIALIZED_AUTOS = YES_AGGRESSIVE;
				GCC_WARN_UNUSED_FUNCTION = YES;
				GCC_WARN_UNUSED_VARIABLE = YES;
				IPHONEOS_DEPLOYMENT_TARGET = 7.1;
				SDKROOT = iphoneos;
				VALIDATE_PRODUCT = YES;
			};
			name = Release;
		};
		8B955F3618E24E3000C85C45 /* Debug */ = {
			isa = XCBuildConfiguration;
			buildSettings = {
				ASSETCATALOG_COMPILER_APPICON_NAME = AppIcon;
				ASSETCATALOG_COMPILER_LAUNCHIMAGE_NAME = LaunchImage;
				GCC_PRECOMPILE_PREFIX_HEADER = YES;
				GCC_PREFIX_HEADER = "CCiOSMidterm/CCiOSMidterm-Prefix.pch";
				INFOPLIST_FILE = "CCiOSMidterm/CCiOSMidterm-Info.plist";
				PRODUCT_NAME = "$(TARGET_NAME)";
				SPRITEKIT_TEXTURE_ATLAS_OUTPUT = YES;
				WRAPPER_EXTENSION = app;
			};
			name = Debug;
		};
		8B955F3718E24E3000C85C45 /* Release */ = {
			isa = XCBuildConfiguration;
			buildSettings = {
				ASSETCATALOG_COMPILER_APPICON_NAME = AppIcon;
				ASSETCATALOG_COMPILER_LAUNCHIMAGE_NAME = LaunchImage;
				GCC_PRECOMPILE_PREFIX_HEADER = YES;
				GCC_PREFIX_HEADER = "CCiOSMidterm/CCiOSMidterm-Prefix.pch";
				INFOPLIST_FILE = "CCiOSMidterm/CCiOSMidterm-Info.plist";
				PRODUCT_NAME = "$(TARGET_NAME)";
				SPRITEKIT_TEXTURE_ATLAS_OUTPUT = YES;
				WRAPPER_EXTENSION = app;
			};
			name = Release;
		};
		8B955F3918E24E3000C85C45 /* Debug */ = {
			isa = XCBuildConfiguration;
			buildSettings = {
				BUNDLE_LOADER = "$(BUILT_PRODUCTS_DIR)/CCiOSMidterm.app/CCiOSMidterm";
				FRAMEWORK_SEARCH_PATHS = (
					"$(SDKROOT)/Developer/Library/Frameworks",
					"$(inherited)",
					"$(DEVELOPER_FRAMEWORKS_DIR)",
				);
				GCC_PRECOMPILE_PREFIX_HEADER = YES;
				GCC_PREFIX_HEADER = "CCiOSMidterm/CCiOSMidterm-Prefix.pch";
				GCC_PREPROCESSOR_DEFINITIONS = (
					"DEBUG=1",
					"$(inherited)",
				);
				INFOPLIST_FILE = "CCiOSMidtermTests/CCiOSMidtermTests-Info.plist";
				PRODUCT_NAME = "$(TARGET_NAME)";
				TEST_HOST = "$(BUNDLE_LOADER)";
				WRAPPER_EXTENSION = xctest;
			};
			name = Debug;
		};
		8B955F3A18E24E3000C85C45 /* Release */ = {
			isa = XCBuildConfiguration;
			buildSettings = {
				BUNDLE_LOADER = "$(BUILT_PRODUCTS_DIR)/CCiOSMidterm.app/CCiOSMidterm";
				FRAMEWORK_SEARCH_PATHS = (
					"$(SDKROOT)/Developer/Library/Frameworks",
					"$(inherited)",
					"$(DEVELOPER_FRAMEWORKS_DIR)",
				);
				GCC_PRECOMPILE_PREFIX_HEADER = YES;
				GCC_PREFIX_HEADER = "CCiOSMidterm/CCiOSMidterm-Prefix.pch";
				INFOPLIST_FILE = "CCiOSMidtermTests/CCiOSMidtermTests-Info.plist";
				PRODUCT_NAME = "$(TARGET_NAME)";
				TEST_HOST = "$(BUNDLE_LOADER)";
				WRAPPER_EXTENSION = xctest;
			};
			name = Release;
		};
/* End XCBuildConfiguration section */

/* Begin XCConfigurationList section */
		8B955EF718E24E3000C85C45 /* Build configuration list for PBXProject "CCiOSMidterm" */ = {
			isa = XCConfigurationList;
			buildConfigurations = (
				8B955F3318E24E3000C85C45 /* Debug */,
				8B955F3418E24E3000C85C45 /* Release */,
			);
			defaultConfigurationIsVisible = 0;
			defaultConfigurationName = Release;
		};
		8B955F3518E24E3000C85C45 /* Build configuration list for PBXNativeTarget "CCiOSMidterm" */ = {
			isa = XCConfigurationList;
			buildConfigurations = (
				8B955F3618E24E3000C85C45 /* Debug */,
				8B955F3718E24E3000C85C45 /* Release */,
			);
			defaultConfigurationIsVisible = 0;
			defaultConfigurationName = Release;
		};
		8B955F3818E24E3000C85C45 /* Build configuration list for PBXNativeTarget "CCiOSMidtermTests" */ = {
			isa = XCConfigurationList;
			buildConfigurations = (
				8B955F3918E24E3000C85C45 /* Debug */,
				8B955F3A18E24E3000C85C45 /* Release */,
			);
			defaultConfigurationIsVisible = 0;
			defaultConfigurationName = Release;
		};
/* End XCConfigurationList section */
	};
	rootObject = 8B955EF418E24E3000C85C45 /* Project object */;
}
